// !$*UTF8*$!
{
	archiveVersion = 1;
	classes = {
	};
	objectVersion = 56;
	objects = {

/* Begin PBXBuildFile section */
		911ACF7B2A8433F200CCA2BB /* Email.swift in Sources */ = {isa = PBXBuildFile; fileRef = 911ACF7A2A8433F200CCA2BB /* Email.swift */; };
		911ACF7D2A84351400CCA2BB /* TitleStyle.swift in Sources */ = {isa = PBXBuildFile; fileRef = 911ACF7C2A84351400CCA2BB /* TitleStyle.swift */; };
		911ACF7F2A844CFB00CCA2BB /* Handle.swift in Sources */ = {isa = PBXBuildFile; fileRef = 911ACF7E2A844CFB00CCA2BB /* Handle.swift */; };
		91BA600F2A86E417000C48E5 /* ConfirmationCode.swift in Sources */ = {isa = PBXBuildFile; fileRef = 91BA600E2A86E416000C48E5 /* ConfirmationCode.swift */; };
		91BA60112A86ECBE000C48E5 /* LogIn.swift in Sources */ = {isa = PBXBuildFile; fileRef = 91BA60102A86ECBE000C48E5 /* LogIn.swift */; };
		91C41F132A815A42005E87F0 /* HeyYouApp.swift in Sources */ = {isa = PBXBuildFile; fileRef = 91C41F122A815A42005E87F0 /* HeyYouApp.swift */; };
		91C41F152A815A42005E87F0 /* Onboarding.swift in Sources */ = {isa = PBXBuildFile; fileRef = 91C41F142A815A42005E87F0 /* Onboarding.swift */; };
		91C41F172A815A43005E87F0 /* Assets.xcassets in Resources */ = {isa = PBXBuildFile; fileRef = 91C41F162A815A43005E87F0 /* Assets.xcassets */; };
		91C41F1A2A815A43005E87F0 /* Preview Assets.xcassets in Resources */ = {isa = PBXBuildFile; fileRef = 91C41F192A815A43005E87F0 /* Preview Assets.xcassets */; };
		91C41F242A815B28005E87F0 /* MainButton.swift in Sources */ = {isa = PBXBuildFile; fileRef = 91C41F232A815B28005E87F0 /* MainButton.swift */; };
		91C41F292A8166DF005E87F0 /* MainTextField.swift in Sources */ = {isa = PBXBuildFile; fileRef = 91C41F282A8166DF005E87F0 /* MainTextField.swift */; };
		91C41F2D2A81A3C0005E87F0 /* SignUp.swift in Sources */ = {isa = PBXBuildFile; fileRef = 91C41F2C2A81A3C0005E87F0 /* SignUp.swift */; };
		91D51B422A854B7100E52C1B /* KeyboardManager.swift in Sources */ = {isa = PBXBuildFile; fileRef = 91D51B412A854B7100E52C1B /* KeyboardManager.swift */; };
		91D51B442A85560E00E52C1B /* Password.swift in Sources */ = {isa = PBXBuildFile; fileRef = 91D51B432A85560E00E52C1B /* Password.swift */; };
		91F910722A829B47001C58F0 /* MainTextFieldViewModel.swift in Sources */ = {isa = PBXBuildFile; fileRef = 91F910712A829B47001C58F0 /* MainTextFieldViewModel.swift */; };
/* End PBXBuildFile section */

/* Begin PBXFileReference section */
		911ACF7A2A8433F200CCA2BB /* Email.swift */ = {isa = PBXFileReference; lastKnownFileType = sourcecode.swift; path = Email.swift; sourceTree = "<group>"; };
		911ACF7C2A84351400CCA2BB /* TitleStyle.swift */ = {isa = PBXFileReference; lastKnownFileType = sourcecode.swift; path = TitleStyle.swift; sourceTree = "<group>"; };
		911ACF7E2A844CFB00CCA2BB /* Handle.swift */ = {isa = PBXFileReference; lastKnownFileType = sourcecode.swift; path = Handle.swift; sourceTree = "<group>"; };
		91BA600E2A86E416000C48E5 /* ConfirmationCode.swift */ = {isa = PBXFileReference; lastKnownFileType = sourcecode.swift; path = ConfirmationCode.swift; sourceTree = "<group>"; };
		91BA60102A86ECBE000C48E5 /* LogIn.swift */ = {isa = PBXFileReference; lastKnownFileType = sourcecode.swift; path = LogIn.swift; sourceTree = "<group>"; };
		91C41F0F2A815A42005E87F0 /* HeyYou.app */ = {isa = PBXFileReference; explicitFileType = wrapper.application; includeInIndex = 0; path = HeyYou.app; sourceTree = BUILT_PRODUCTS_DIR; };
		91C41F122A815A42005E87F0 /* HeyYouApp.swift */ = {isa = PBXFileReference; lastKnownFileType = sourcecode.swift; path = HeyYouApp.swift; sourceTree = "<group>"; };
		91C41F142A815A42005E87F0 /* Onboarding.swift */ = {isa = PBXFileReference; lastKnownFileType = sourcecode.swift; path = Onboarding.swift; sourceTree = "<group>"; };
		91C41F162A815A43005E87F0 /* Assets.xcassets */ = {isa = PBXFileReference; lastKnownFileType = folder.assetcatalog; path = Assets.xcassets; sourceTree = "<group>"; };
		91C41F192A815A43005E87F0 /* Preview Assets.xcassets */ = {isa = PBXFileReference; lastKnownFileType = folder.assetcatalog; path = "Preview Assets.xcassets"; sourceTree = "<group>"; };
		91C41F232A815B28005E87F0 /* MainButton.swift */ = {isa = PBXFileReference; lastKnownFileType = sourcecode.swift; path = MainButton.swift; sourceTree = "<group>"; };
		91C41F262A8162D4005E87F0 /* Montserrat-Medium.ttf */ = {isa = PBXFileReference; lastKnownFileType = file; path = "Montserrat-Medium.ttf"; sourceTree = "<group>"; };
		91C41F272A81631D005E87F0 /* Info.plist */ = {isa = PBXFileReference; lastKnownFileType = text.plist; path = Info.plist; sourceTree = "<group>"; };
		91C41F282A8166DF005E87F0 /* MainTextField.swift */ = {isa = PBXFileReference; lastKnownFileType = sourcecode.swift; path = MainTextField.swift; sourceTree = "<group>"; };
		91C41F2A2A81791D005E87F0 /* Montserrat-Regular.ttf */ = {isa = PBXFileReference; lastKnownFileType = file; path = "Montserrat-Regular.ttf"; sourceTree = "<group>"; };
		91C41F2B2A819CAC005E87F0 /* Montserrat-SemiBold.ttf */ = {isa = PBXFileReference; lastKnownFileType = file; path = "Montserrat-SemiBold.ttf"; sourceTree = "<group>"; };
		91C41F2C2A81A3C0005E87F0 /* SignUp.swift */ = {isa = PBXFileReference; lastKnownFileType = sourcecode.swift; path = SignUp.swift; sourceTree = "<group>"; };
		91D51B412A854B7100E52C1B /* KeyboardManager.swift */ = {isa = PBXFileReference; lastKnownFileType = sourcecode.swift; path = KeyboardManager.swift; sourceTree = "<group>"; };
		91D51B432A85560E00E52C1B /* Password.swift */ = {isa = PBXFileReference; lastKnownFileType = sourcecode.swift; path = Password.swift; sourceTree = "<group>"; };
		91F910712A829B47001C58F0 /* MainTextFieldViewModel.swift */ = {isa = PBXFileReference; lastKnownFileType = sourcecode.swift; path = MainTextFieldViewModel.swift; sourceTree = "<group>"; };
/* End PBXFileReference section */

/* Begin PBXFrameworksBuildPhase section */
		91C41F0C2A815A42005E87F0 /* Frameworks */ = {
			isa = PBXFrameworksBuildPhase;
			buildActionMask = 2147483647;
			files = (
			);
			runOnlyForDeploymentPostprocessing = 0;
		};
/* End PBXFrameworksBuildPhase section */

/* Begin PBXGroup section */
		911ACF792A840E4100CCA2BB /* BPS_Common */ = {
			isa = PBXGroup;
			children = (
				91C41F232A815B28005E87F0 /* MainButton.swift */,
				91F910732A829B4C001C58F0 /* MainTextField */,
			);
			path = BPS_Common;
			sourceTree = "<group>";
		};
		91C41F062A815A42005E87F0 = {
			isa = PBXGroup;
			children = (
				91C41F112A815A42005E87F0 /* HeyYou */,
				91C41F102A815A42005E87F0 /* Products */,
			);
			sourceTree = "<group>";
		};
		91C41F102A815A42005E87F0 /* Products */ = {
			isa = PBXGroup;
			children = (
				91C41F0F2A815A42005E87F0 /* HeyYou.app */,
			);
			name = Products;
			sourceTree = "<group>";
		};
		91C41F112A815A42005E87F0 /* HeyYou */ = {
			isa = PBXGroup;
			children = (
				911ACF792A840E4100CCA2BB /* BPS_Common */,
				91C41F272A81631D005E87F0 /* Info.plist */,
				91C41F202A815ABE005E87F0 /* UI */,
				91C41F162A815A43005E87F0 /* Assets.xcassets */,
				91C41F182A815A43005E87F0 /* Preview Content */,
			);
			path = HeyYou;
			sourceTree = "<group>";
		};
		91C41F182A815A43005E87F0 /* Preview Content */ = {
			isa = PBXGroup;
			children = (
				91C41F192A815A43005E87F0 /* Preview Assets.xcassets */,
			);
			path = "Preview Content";
			sourceTree = "<group>";
		};
		91C41F202A815ABE005E87F0 /* UI */ = {
			isa = PBXGroup;
			children = (
				91C41F252A8162C9005E87F0 /* Fonts */,
				91C41F142A815A42005E87F0 /* Onboarding.swift */,
				91C41F2C2A81A3C0005E87F0 /* SignUp.swift */,
				911ACF7A2A8433F200CCA2BB /* Email.swift */,
				911ACF7C2A84351400CCA2BB /* TitleStyle.swift */,
				911ACF7E2A844CFB00CCA2BB /* Handle.swift */,
				91D51B412A854B7100E52C1B /* KeyboardManager.swift */,
				91D51B432A85560E00E52C1B /* Password.swift */,
				91C41F122A815A42005E87F0 /* HeyYouApp.swift */,
				91BA600E2A86E416000C48E5 /* ConfirmationCode.swift */,
				91BA60102A86ECBE000C48E5 /* LogIn.swift */,
			);
			path = UI;
			sourceTree = "<group>";
		};
		91C41F252A8162C9005E87F0 /* Fonts */ = {
			isa = PBXGroup;
			children = (
				91C41F2B2A819CAC005E87F0 /* Montserrat-SemiBold.ttf */,
				91C41F2A2A81791D005E87F0 /* Montserrat-Regular.ttf */,
				91C41F262A8162D4005E87F0 /* Montserrat-Medium.ttf */,
			);
			path = Fonts;
			sourceTree = "<group>";
		};
		91F910732A829B4C001C58F0 /* MainTextField */ = {
			isa = PBXGroup;
			children = (
				91C41F282A8166DF005E87F0 /* MainTextField.swift */,
				91F910712A829B47001C58F0 /* MainTextFieldViewModel.swift */,
			);
			path = MainTextField;
			sourceTree = "<group>";
		};
/* End PBXGroup section */

/* Begin PBXNativeTarget section */
		91C41F0E2A815A42005E87F0 /* HeyYou */ = {
			isa = PBXNativeTarget;
			buildConfigurationList = 91C41F1D2A815A43005E87F0 /* Build configuration list for PBXNativeTarget "HeyYou" */;
			buildPhases = (
				91C41F0B2A815A42005E87F0 /* Sources */,
				91C41F0C2A815A42005E87F0 /* Frameworks */,
				91C41F0D2A815A42005E87F0 /* Resources */,
			);
			buildRules = (
			);
			dependencies = (
			);
			name = HeyYou;
			productName = HeyYou;
			productReference = 91C41F0F2A815A42005E87F0 /* HeyYou.app */;
			productType = "com.apple.product-type.application";
		};
/* End PBXNativeTarget section */

/* Begin PBXProject section */
		91C41F072A815A42005E87F0 /* Project object */ = {
			isa = PBXProject;
			attributes = {
				BuildIndependentTargetsInParallel = 1;
				LastSwiftUpdateCheck = 1430;
				LastUpgradeCheck = 1430;
				TargetAttributes = {
					91C41F0E2A815A42005E87F0 = {
						CreatedOnToolsVersion = 14.3.1;
					};
				};
			};
			buildConfigurationList = 91C41F0A2A815A42005E87F0 /* Build configuration list for PBXProject "HeyYou" */;
			compatibilityVersion = "Xcode 14.0";
			developmentRegion = en;
			hasScannedForEncodings = 0;
			knownRegions = (
				en,
				Base,
			);
			mainGroup = 91C41F062A815A42005E87F0;
			productRefGroup = 91C41F102A815A42005E87F0 /* Products */;
			projectDirPath = "";
			projectRoot = "";
			targets = (
				91C41F0E2A815A42005E87F0 /* HeyYou */,
			);
		};
/* End PBXProject section */

/* Begin PBXResourcesBuildPhase section */
		91C41F0D2A815A42005E87F0 /* Resources */ = {
			isa = PBXResourcesBuildPhase;
			buildActionMask = 2147483647;
			files = (
				91C41F1A2A815A43005E87F0 /* Preview Assets.xcassets in Resources */,
				91C41F172A815A43005E87F0 /* Assets.xcassets in Resources */,
			);
			runOnlyForDeploymentPostprocessing = 0;
		};
/* End PBXResourcesBuildPhase section */

/* Begin PBXSourcesBuildPhase section */
		91C41F0B2A815A42005E87F0 /* Sources */ = {
			isa = PBXSourcesBuildPhase;
			buildActionMask = 2147483647;
			files = (
				91C41F292A8166DF005E87F0 /* MainTextField.swift in Sources */,
				91BA600F2A86E417000C48E5 /* ConfirmationCode.swift in Sources */,
				911ACF7B2A8433F200CCA2BB /* Email.swift in Sources */,
				91D51B422A854B7100E52C1B /* KeyboardManager.swift in Sources */,
				911ACF7F2A844CFB00CCA2BB /* Handle.swift in Sources */,
				91C41F152A815A42005E87F0 /* Onboarding.swift in Sources */,
				91D51B442A85560E00E52C1B /* Password.swift in Sources */,
				91C41F132A815A42005E87F0 /* HeyYouApp.swift in Sources */,
				91F910722A829B47001C58F0 /* MainTextFieldViewModel.swift in Sources */,
				91C41F242A815B28005E87F0 /* MainButton.swift in Sources */,
				911ACF7D2A84351400CCA2BB /* TitleStyle.swift in Sources */,
				91C41F2D2A81A3C0005E87F0 /* SignUp.swift in Sources */,
				91BA60112A86ECBE000C48E5 /* LogIn.swift in Sources */,
			);
			runOnlyForDeploymentPostprocessing = 0;
		};
/* End PBXSourcesBuildPhase section */

/* Begin XCBuildConfiguration section */
		91C41F1B2A815A43005E87F0 /* Debug */ = {
			isa = XCBuildConfiguration;
			buildSettings = {
				ALWAYS_SEARCH_USER_PATHS = NO;
				CLANG_ANALYZER_NONNULL = YES;
				CLANG_ANALYZER_NUMBER_OBJECT_CONVERSION = YES_AGGRESSIVE;
				CLANG_CXX_LANGUAGE_STANDARD = "gnu++20";
				CLANG_ENABLE_MODULES = YES;
				CLANG_ENABLE_OBJC_ARC = YES;
				CLANG_ENABLE_OBJC_WEAK = YES;
				CLANG_WARN_BLOCK_CAPTURE_AUTORELEASING = YES;
				CLANG_WARN_BOOL_CONVERSION = YES;
				CLANG_WARN_COMMA = YES;
				CLANG_WARN_CONSTANT_CONVERSION = YES;
				CLANG_WARN_DEPRECATED_OBJC_IMPLEMENTATIONS = YES;
				CLANG_WARN_DIRECT_OBJC_ISA_USAGE = YES_ERROR;
				CLANG_WARN_DOCUMENTATION_COMMENTS = YES;
				CLANG_WARN_EMPTY_BODY = YES;
				CLANG_WARN_ENUM_CONVERSION = YES;
				CLANG_WARN_INFINITE_RECURSION = YES;
				CLANG_WARN_INT_CONVERSION = YES;
				CLANG_WARN_NON_LITERAL_NULL_CONVERSION = YES;
				CLANG_WARN_OBJC_IMPLICIT_RETAIN_SELF = YES;
				CLANG_WARN_OBJC_LITERAL_CONVERSION = YES;
				CLANG_WARN_OBJC_ROOT_CLASS = YES_ERROR;
				CLANG_WARN_QUOTED_INCLUDE_IN_FRAMEWORK_HEADER = YES;
				CLANG_WARN_RANGE_LOOP_ANALYSIS = YES;
				CLANG_WARN_STRICT_PROTOTYPES = YES;
				CLANG_WARN_SUSPICIOUS_MOVE = YES;
				CLANG_WARN_UNGUARDED_AVAILABILITY = YES_AGGRESSIVE;
				CLANG_WARN_UNREACHABLE_CODE = YES;
				CLANG_WARN__DUPLICATE_METHOD_MATCH = YES;
				COPY_PHASE_STRIP = NO;
				DEBUG_INFORMATION_FORMAT = dwarf;
				ENABLE_STRICT_OBJC_MSGSEND = YES;
				ENABLE_TESTABILITY = YES;
				GCC_C_LANGUAGE_STANDARD = gnu11;
				GCC_DYNAMIC_NO_PIC = NO;
				GCC_NO_COMMON_BLOCKS = YES;
				GCC_OPTIMIZATION_LEVEL = 0;
				GCC_PREPROCESSOR_DEFINITIONS = (
					"DEBUG=1",
					"$(inherited)",
				);
				GCC_WARN_64_TO_32_BIT_CONVERSION = YES;
				GCC_WARN_ABOUT_RETURN_TYPE = YES_ERROR;
				GCC_WARN_UNDECLARED_SELECTOR = YES;
				GCC_WARN_UNINITIALIZED_AUTOS = YES_AGGRESSIVE;
				GCC_WARN_UNUSED_FUNCTION = YES;
				GCC_WARN_UNUSED_VARIABLE = YES;
				IPHONEOS_DEPLOYMENT_TARGET = 16.4;
				MTL_ENABLE_DEBUG_INFO = INCLUDE_SOURCE;
				MTL_FAST_MATH = YES;
				ONLY_ACTIVE_ARCH = YES;
				SDKROOT = iphoneos;
				SWIFT_ACTIVE_COMPILATION_CONDITIONS = DEBUG;
				SWIFT_OPTIMIZATION_LEVEL = "-Onone";
			};
			name = Debug;
		};
		91C41F1C2A815A43005E87F0 /* Release */ = {
			isa = XCBuildConfiguration;
			buildSettings = {
				ALWAYS_SEARCH_USER_PATHS = NO;
				CLANG_ANALYZER_NONNULL = YES;
				CLANG_ANALYZER_NUMBER_OBJECT_CONVERSION = YES_AGGRESSIVE;
				CLANG_CXX_LANGUAGE_STANDARD = "gnu++20";
				CLANG_ENABLE_MODULES = YES;
				CLANG_ENABLE_OBJC_ARC = YES;
				CLANG_ENABLE_OBJC_WEAK = YES;
				CLANG_WARN_BLOCK_CAPTURE_AUTORELEASING = YES;
				CLANG_WARN_BOOL_CONVERSION = YES;
				CLANG_WARN_COMMA = YES;
				CLANG_WARN_CONSTANT_CONVERSION = YES;
				CLANG_WARN_DEPRECATED_OBJC_IMPLEMENTATIONS = YES;
				CLANG_WARN_DIRECT_OBJC_ISA_USAGE = YES_ERROR;
				CLANG_WARN_DOCUMENTATION_COMMENTS = YES;
				CLANG_WARN_EMPTY_BODY = YES;
				CLANG_WARN_ENUM_CONVERSION = YES;
				CLANG_WARN_INFINITE_RECURSION = YES;
				CLANG_WARN_INT_CONVERSION = YES;
				CLANG_WARN_NON_LITERAL_NULL_CONVERSION = YES;
				CLANG_WARN_OBJC_IMPLICIT_RETAIN_SELF = YES;
				CLANG_WARN_OBJC_LITERAL_CONVERSION = YES;
				CLANG_WARN_OBJC_ROOT_CLASS = YES_ERROR;
				CLANG_WARN_QUOTED_INCLUDE_IN_FRAMEWORK_HEADER = YES;
				CLANG_WARN_RANGE_LOOP_ANALYSIS = YES;
				CLANG_WARN_STRICT_PROTOTYPES = YES;
				CLANG_WARN_SUSPICIOUS_MOVE = YES;
				CLANG_WARN_UNGUARDED_AVAILABILITY = YES_AGGRESSIVE;
				CLANG_WARN_UNREACHABLE_CODE = YES;
				CLANG_WARN__DUPLICATE_METHOD_MATCH = YES;
				COPY_PHASE_STRIP = NO;
				DEBUG_INFORMATION_FORMAT = "dwarf-with-dsym";
				ENABLE_NS_ASSERTIONS = NO;
				ENABLE_STRICT_OBJC_MSGSEND = YES;
				GCC_C_LANGUAGE_STANDARD = gnu11;
				GCC_NO_COMMON_BLOCKS = YES;
				GCC_WARN_64_TO_32_BIT_CONVERSION = YES;
				GCC_WARN_ABOUT_RETURN_TYPE = YES_ERROR;
				GCC_WARN_UNDECLARED_SELECTOR = YES;
				GCC_WARN_UNINITIALIZED_AUTOS = YES_AGGRESSIVE;
				GCC_WARN_UNUSED_FUNCTION = YES;
				GCC_WARN_UNUSED_VARIABLE = YES;
				IPHONEOS_DEPLOYMENT_TARGET = 16.4;
				MTL_ENABLE_DEBUG_INFO = NO;
				MTL_FAST_MATH = YES;
				SDKROOT = iphoneos;
				SWIFT_COMPILATION_MODE = wholemodule;
				SWIFT_OPTIMIZATION_LEVEL = "-O";
				VALIDATE_PRODUCT = YES;
			};
			name = Release;
		};
		91C41F1E2A815A43005E87F0 /* Debug */ = {
			isa = XCBuildConfiguration;
			buildSettings = {
				ASSETCATALOG_COMPILER_APPICON_NAME = AppIcon;
				ASSETCATALOG_COMPILER_GLOBAL_ACCENT_COLOR_NAME = AccentColor;
				CODE_SIGN_STYLE = Automatic;
				CURRENT_PROJECT_VERSION = 1;
				DEVELOPMENT_ASSET_PATHS = "\"HeyYou/Preview Content\"";
				ENABLE_PREVIEWS = YES;
				GENERATE_INFOPLIST_FILE = YES;
				INFOPLIST_FILE = HeyYou/Info.plist;
				INFOPLIST_KEY_UIApplicationSceneManifest_Generation = YES;
				INFOPLIST_KEY_UIApplicationSupportsIndirectInputEvents = YES;
				INFOPLIST_KEY_UILaunchScreen_Generation = YES;
				INFOPLIST_KEY_UISupportedInterfaceOrientations_iPad = "UIInterfaceOrientationPortrait UIInterfaceOrientationPortraitUpsideDown UIInterfaceOrientationLandscapeLeft UIInterfaceOrientationLandscapeRight";
				INFOPLIST_KEY_UISupportedInterfaceOrientations_iPhone = "UIInterfaceOrientationPortrait UIInterfaceOrientationLandscapeLeft UIInterfaceOrientationLandscapeRight";
				LD_RUNPATH_SEARCH_PATHS = (
					"$(inherited)",
					"@executable_path/Frameworks",
				);
				MARKETING_VERSION = 1.0;
				PRODUCT_BUNDLE_IDENTIFIER = com.blueparrotsoftwarellc.HeyYou;
				PRODUCT_NAME = "$(TARGET_NAME)";
				SWIFT_EMIT_LOC_STRINGS = YES;
				SWIFT_VERSION = 5.0;
				TARGETED_DEVICE_FAMILY = "1,2";
			};
			name = Debug;
		};
		91C41F1F2A815A43005E87F0 /* Release */ = {
			isa = XCBuildConfiguration;
			buildSettings = {
				ASSETCATALOG_COMPILER_APPICON_NAME = AppIcon;
				ASSETCATALOG_COMPILER_GLOBAL_ACCENT_COLOR_NAME = AccentColor;
				CODE_SIGN_STYLE = Automatic;
				CURRENT_PROJECT_VERSION = 1;
				DEVELOPMENT_ASSET_PATHS = "\"HeyYou/Preview Content\"";
				ENABLE_PREVIEWS = YES;
				GENERATE_INFOPLIST_FILE = YES;
				INFOPLIST_FILE = HeyYou/Info.plist;
				INFOPLIST_KEY_UIApplicationSceneManifest_Generation = YES;
				INFOPLIST_KEY_UIApplicationSupportsIndirectInputEvents = YES;
				INFOPLIST_KEY_UILaunchScreen_Generation = YES;
				INFOPLIST_KEY_UISupportedInterfaceOrientations_iPad = "UIInterfaceOrientationPortrait UIInterfaceOrientationPortraitUpsideDown UIInterfaceOrientationLandscapeLeft UIInterfaceOrientationLandscapeRight";
				INFOPLIST_KEY_UISupportedInterfaceOrientations_iPhone = "UIInterfaceOrientationPortrait UIInterfaceOrientationLandscapeLeft UIInterfaceOrientationLandscapeRight";
				LD_RUNPATH_SEARCH_PATHS = (
					"$(inherited)",
					"@executable_path/Frameworks",
				);
				MARKETING_VERSION = 1.0;
				PRODUCT_BUNDLE_IDENTIFIER = com.blueparrotsoftwarellc.HeyYou;
				PRODUCT_NAME = "$(TARGET_NAME)";
				SWIFT_EMIT_LOC_STRINGS = YES;
				SWIFT_VERSION = 5.0;
				TARGETED_DEVICE_FAMILY = "1,2";
			};
			name = Release;
		};
/* End XCBuildConfiguration section */

/* Begin XCConfigurationList section */
		91C41F0A2A815A42005E87F0 /* Build configuration list for PBXProject "HeyYou" */ = {
			isa = XCConfigurationList;
			buildConfigurations = (
				91C41F1B2A815A43005E87F0 /* Debug */,
				91C41F1C2A815A43005E87F0 /* Release */,
			);
			defaultConfigurationIsVisible = 0;
			defaultConfigurationName = Release;
		};
		91C41F1D2A815A43005E87F0 /* Build configuration list for PBXNativeTarget "HeyYou" */ = {
			isa = XCConfigurationList;
			buildConfigurations = (
				91C41F1E2A815A43005E87F0 /* Debug */,
				91C41F1F2A815A43005E87F0 /* Release */,
			);
			defaultConfigurationIsVisible = 0;
			defaultConfigurationName = Release;
		};
/* End XCConfigurationList section */
	};
	rootObject = 91C41F072A815A42005E87F0 /* Project object */;
}
